
Microsoft Visual Studio Solution File, Format Version 12.00
# Visual Studio Version 16
VisualStudioVersion = 16.0.30907.101
MinimumVisualStudioVersion = 10.0.40219.1
Project("{FAE04EC0-301F-11D3-BF4B-00C04F79EFBC}") = "FinancesTransactions", "FinancesTransactions\FinancesTransactions.csproj", "{BBB14B82-F7EC-4568-90CB-54504369F897}"
EndProject
Global
	GlobalSection(SolutionConfigurationPlatforms) = preSolution
		Debug|Any CPU = Debug|Any CPU
		Release|Any CPU = Release|Any CPU
	EndGlobalSection
	GlobalSection(ProjectConfigurationPlatforms) = postSolution
		{BBB14B82-F7EC-4568-90CB-54504369F897}.Debug|Any CPU.ActiveCfg = Debug|Any CPU
		{BBB14B82-F7EC-4568-90CB-54504369F897}.Debug|Any CPU.Build.0 = Debug|Any CPU
		{BBB14B82-F7EC-4568-90CB-54504369F897}.Release|Any CPU.ActiveCfg = Release|Any CPU
		{BBB14B82-F7EC-4568-90CB-54504369F897}.Release|Any CPU.Build.0 = Release|Any CPU
	EndGlobalSection
	GlobalSection(SolutionProperties) = preSolution
		HideSolutionNode = FALSE
	EndGlobalSection
	GlobalSection(ExtensibilityGlobals) = postSolution
		SolutionGuid = {6606A6C8-39E2-49BE-8C8D-BB12AFB4642A}
	EndGlobalSection
EndGlobal
